// !$*UTF8*$!
{
	archiveVersion = 1;
	classes = {
	};
	objectVersion = 46;
	objects = {

/* Begin PBXBuildFile section */
		1258534A1B1EF0BB00FC69A3 /* hobbes.gif in Resources */ = {isa = PBXBuildFile; fileRef = 125853491B1EF0BB00FC69A3 /* hobbes.gif */; };
		1258534C1B1EF17300FC69A3 /* Rajah.jpg in Resources */ = {isa = PBXBuildFile; fileRef = 1258534B1B1EF17300FC69A3 /* Rajah.jpg */; };
		1258534E1B1EF2A900FC69A3 /* tigger4.gif in Resources */ = {isa = PBXBuildFile; fileRef = 1258534D1B1EF2A900FC69A3 /* tigger4.gif */; };
		12F23F6F1B1EE795007680A5 /* AppDelegate.swift in Sources */ = {isa = PBXBuildFile; fileRef = 12F23F6E1B1EE795007680A5 /* AppDelegate.swift */; };
		12F23F711B1EE795007680A5 /* ViewController.swift in Sources */ = {isa = PBXBuildFile; fileRef = 12F23F701B1EE795007680A5 /* ViewController.swift */; };
		12F23F741B1EE795007680A5 /* Main.storyboard in Resources */ = {isa = PBXBuildFile; fileRef = 12F23F721B1EE795007680A5 /* Main.storyboard */; };
		12F23F761B1EE795007680A5 /* Images.xcassets in Resources */ = {isa = PBXBuildFile; fileRef = 12F23F751B1EE795007680A5 /* Images.xcassets */; };
		12F23F791B1EE795007680A5 /* LaunchScreen.xib in Resources */ = {isa = PBXBuildFile; fileRef = 12F23F771B1EE795007680A5 /* LaunchScreen.xib */; };
		12F23F851B1EE795007680A5 /* LionsAndTigersTests.swift in Sources */ = {isa = PBXBuildFile; fileRef = 12F23F841B1EE795007680A5 /* LionsAndTigersTests.swift */; };
		12F23F8F1B1EEA36007680A5 /* Tiger.swift in Sources */ = {isa = PBXBuildFile; fileRef = 12F23F8E1B1EEA36007680A5 /* Tiger.swift */; };
		12F23F911B1EEC22007680A5 /* tony9n.jpg in Resources */ = {isa = PBXBuildFile; fileRef = 12F23F901B1EEC22007680A5 /* tony9n.jpg */; };
/* End PBXBuildFile section */

/* Begin PBXContainerItemProxy section */
		12F23F7F1B1EE795007680A5 /* PBXContainerItemProxy */ = {
			isa = PBXContainerItemProxy;
			containerPortal = 12F23F611B1EE795007680A5 /* Project object */;
			proxyType = 1;
			remoteGlobalIDString = 12F23F681B1EE795007680A5;
			remoteInfo = LionsAndTigers;
		};
/* End PBXContainerItemProxy section */

/* Begin PBXFileReference section */
		125853491B1EF0BB00FC69A3 /* hobbes.gif */ = {isa = PBXFileReference; lastKnownFileType = image.gif; path = hobbes.gif; sourceTree = "<group>"; };
		1258534B1B1EF17300FC69A3 /* Rajah.jpg */ = {isa = PBXFileReference; lastKnownFileType = image.jpeg; path = Rajah.jpg; sourceTree = "<group>"; };
		1258534D1B1EF2A900FC69A3 /* tigger4.gif */ = {isa = PBXFileReference; lastKnownFileType = image.gif; path = tigger4.gif; sourceTree = "<group>"; };
		12F23F691B1EE795007680A5 /* LionsAndTigers.app */ = {isa = PBXFileReference; explicitFileType = wrapper.application; includeInIndex = 0; path = LionsAndTigers.app; sourceTree = BUILT_PRODUCTS_DIR; };
		12F23F6D1B1EE795007680A5 /* Info.plist */ = {isa = PBXFileReference; lastKnownFileType = text.plist.xml; path = Info.plist; sourceTree = "<group>"; };
		12F23F6E1B1EE795007680A5 /* AppDelegate.swift */ = {isa = PBXFileReference; lastKnownFileType = sourcecode.swift; path = AppDelegate.swift; sourceTree = "<group>"; };
		12F23F701B1EE795007680A5 /* ViewController.swift */ = {isa = PBXFileReference; lastKnownFileType = sourcecode.swift; path = ViewController.swift; sourceTree = "<group>"; };
		12F23F731B1EE795007680A5 /* Base */ = {isa = PBXFileReference; lastKnownFileType = file.storyboard; name = Base; path = Base.lproj/Main.storyboard; sourceTree = "<group>"; };
		12F23F751B1EE795007680A5 /* Images.xcassets */ = {isa = PBXFileReference; lastKnownFileType = folder.assetcatalog; path = Images.xcassets; sourceTree = "<group>"; };
		12F23F781B1EE795007680A5 /* Base */ = {isa = PBXFileReference; lastKnownFileType = file.xib; name = Base; path = Base.lproj/LaunchScreen.xib; sourceTree = "<group>"; };
		12F23F7E1B1EE795007680A5 /* LionsAndTigersTests.xctest */ = {isa = PBXFileReference; explicitFileType = wrapper.cfbundle; includeInIndex = 0; path = LionsAndTigersTests.xctest; sourceTree = BUILT_PRODUCTS_DIR; };
		12F23F831B1EE795007680A5 /* Info.plist */ = {isa = PBXFileReference; lastKnownFileType = text.plist.xml; path = Info.plist; sourceTree = "<group>"; };
		12F23F841B1EE795007680A5 /* LionsAndTigersTests.swift */ = {isa = PBXFileReference; lastKnownFileType = sourcecode.swift; path = LionsAndTigersTests.swift; sourceTree = "<group>"; };
		12F23F8E1B1EEA36007680A5 /* Tiger.swift */ = {isa = PBXFileReference; fileEncoding = 4; lastKnownFileType = sourcecode.swift; path = Tiger.swift; sourceTree = "<group>"; };
		12F23F901B1EEC22007680A5 /* tony9n.jpg */ = {isa = PBXFileReference; lastKnownFileType = image.jpeg; path = tony9n.jpg; sourceTree = "<group>"; };
/* End PBXFileReference section */

/* Begin PBXFrameworksBuildPhase section */
		12F23F661B1EE795007680A5 /* Frameworks */ = {
			isa = PBXFrameworksBuildPhase;
			buildActionMask = 2147483647;
			files = (
			);
			runOnlyForDeploymentPostprocessing = 0;
		};
		12F23F7B1B1EE795007680A5 /* Frameworks */ = {
			isa = PBXFrameworksBuildPhase;
			buildActionMask = 2147483647;
			files = (
			);
			runOnlyForDeploymentPostprocessing = 0;
		};
/* End PBXFrameworksBuildPhase section */

/* Begin PBXGroup section */
		12F23F601B1EE795007680A5 = {
			isa = PBXGroup;
			children = (
				12F23F6B1B1EE795007680A5 /* LionsAndTigers */,
				12F23F811B1EE795007680A5 /* LionsAndTigersTests */,
				12F23F6A1B1EE795007680A5 /* Products */,
			);
			sourceTree = "<group>";
		};
		12F23F6A1B1EE795007680A5 /* Products */ = {
			isa = PBXGroup;
			children = (
				12F23F691B1EE795007680A5 /* LionsAndTigers.app */,
				12F23F7E1B1EE795007680A5 /* LionsAndTigersTests.xctest */,
			);
			name = Products;
			sourceTree = "<group>";
		};
		12F23F6B1B1EE795007680A5 /* LionsAndTigers */ = {
			isa = PBXGroup;
			children = (
				12F23F6E1B1EE795007680A5 /* AppDelegate.swift */,
				12F23F701B1EE795007680A5 /* ViewController.swift */,
				12F23F8E1B1EEA36007680A5 /* Tiger.swift */,
				12F23F721B1EE795007680A5 /* Main.storyboard */,
				12F23F751B1EE795007680A5 /* Images.xcassets */,
				12F23F771B1EE795007680A5 /* LaunchScreen.xib */,
				12F23F6C1B1EE795007680A5 /* Supporting Files */,
			);
			path = LionsAndTigers;
			sourceTree = "<group>";
		};
		12F23F6C1B1EE795007680A5 /* Supporting Files */ = {
			isa = PBXGroup;
			children = (
				1258534D1B1EF2A900FC69A3 /* tigger4.gif */,
				1258534B1B1EF17300FC69A3 /* Rajah.jpg */,
				125853491B1EF0BB00FC69A3 /* hobbes.gif */,
				12F23F901B1EEC22007680A5 /* tony9n.jpg */,
				12F23F6D1B1EE795007680A5 /* Info.plist */,
			);
			name = "Supporting Files";
			sourceTree = "<group>";
		};
		12F23F811B1EE795007680A5 /* LionsAndTigersTests */ = {
			isa = PBXGroup;
			children = (
				12F23F841B1EE795007680A5 /* LionsAndTigersTests.swift */,
				12F23F821B1EE795007680A5 /* Supporting Files */,
			);
			path = LionsAndTigersTests;
			sourceTree = "<group>";
		};
		12F23F821B1EE795007680A5 /* Supporting Files */ = {
			isa = PBXGroup;
			children = (
				12F23F831B1EE795007680A5 /* Info.plist */,
			);
			name = "Supporting Files";
			sourceTree = "<group>";
		};
/* End PBXGroup section */

/* Begin PBXNativeTarget section */
		12F23F681B1EE795007680A5 /* LionsAndTigers */ = {
			isa = PBXNativeTarget;
			buildConfigurationList = 12F23F881B1EE795007680A5 /* Build configuration list for PBXNativeTarget "LionsAndTigers" */;
			buildPhases = (
				12F23F651B1EE795007680A5 /* Sources */,
				12F23F661B1EE795007680A5 /* Frameworks */,
				12F23F671B1EE795007680A5 /* Resources */,
			);
			buildRules = (
			);
			dependencies = (
			);
			name = LionsAndTigers;
			productName = LionsAndTigers;
			productReference = 12F23F691B1EE795007680A5 /* LionsAndTigers.app */;
			productType = "com.apple.product-type.application";
		};
		12F23F7D1B1EE795007680A5 /* LionsAndTigersTests */ = {
			isa = PBXNativeTarget;
			buildConfigurationList = 12F23F8B1B1EE795007680A5 /* Build configuration list for PBXNativeTarget "LionsAndTigersTests" */;
			buildPhases = (
				12F23F7A1B1EE795007680A5 /* Sources */,
				12F23F7B1B1EE795007680A5 /* Frameworks */,
				12F23F7C1B1EE795007680A5 /* Resources */,
			);
			buildRules = (
			);
			dependencies = (
				12F23F801B1EE795007680A5 /* PBXTargetDependency */,
			);
			name = LionsAndTigersTests;
			productName = LionsAndTigersTests;
			productReference = 12F23F7E1B1EE795007680A5 /* LionsAndTigersTests.xctest */;
			productType = "com.apple.product-type.bundle.unit-test";
		};
/* End PBXNativeTarget section */

/* Begin PBXProject section */
		12F23F611B1EE795007680A5 /* Project object */ = {
			isa = PBXProject;
			attributes = {
				LastUpgradeCheck = 0630;
				ORGANIZATIONNAME = "Adam Cobb";
				TargetAttributes = {
					12F23F681B1EE795007680A5 = {
						CreatedOnToolsVersion = 6.3.2;
					};
					12F23F7D1B1EE795007680A5 = {
						CreatedOnToolsVersion = 6.3.2;
						TestTargetID = 12F23F681B1EE795007680A5;
					};
				};
			};
			buildConfigurationList = 12F23F641B1EE795007680A5 /* Build configuration list for PBXProject "LionsAndTigers" */;
			compatibilityVersion = "Xcode 3.2";
			developmentRegion = English;
			hasScannedForEncodings = 0;
			knownRegions = (
				en,
				Base,
			);
			mainGroup = 12F23F601B1EE795007680A5;
			productRefGroup = 12F23F6A1B1EE795007680A5 /* Products */;
			projectDirPath = "";
			projectRoot = "";
			targets = (
				12F23F681B1EE795007680A5 /* LionsAndTigers */,
				12F23F7D1B1EE795007680A5 /* LionsAndTigersTests */,
			);
		};
/* End PBXProject section */

/* Begin PBXResourcesBuildPhase section */
		12F23F671B1EE795007680A5 /* Resources */ = {
			isa = PBXResourcesBuildPhase;
			buildActionMask = 2147483647;
			files = (
				12F23F741B1EE795007680A5 /* Main.storyboard in Resources */,
				12F23F791B1EE795007680A5 /* LaunchScreen.xib in Resources */,
				1258534C1B1EF17300FC69A3 /* Rajah.jpg in Resources */,
				12F23F761B1EE795007680A5 /* Images.xcassets in Resources */,
				1258534E1B1EF2A900FC69A3 /* tigger4.gif in Resources */,
				12F23F911B1EEC22007680A5 /* tony9n.jpg in Resources */,
				1258534A1B1EF0BB00FC69A3 /* hobbes.gif in Resources */,
			);
			runOnlyForDeploymentPostprocessing = 0;
		};
		12F23F7C1B1EE795007680A5 /* Resources */ = {
			isa = PBXResourcesBuildPhase;
			buildActionMask = 2147483647;
			files = (
			);
			runOnlyForDeploymentPostprocessing = 0;
		};
/* End PBXResourcesBuildPhase section */

/* Begin PBXSourcesBuildPhase section */
		12F23F651B1EE795007680A5 /* Sources */ = {
			isa = PBXSourcesBuildPhase;
			buildActionMask = 2147483647;
			files = (
				12F23F711B1EE795007680A5 /* ViewController.swift in Sources */,
				12F23F8F1B1EEA36007680A5 /* Tiger.swift in Sources */,
				12F23F6F1B1EE795007680A5 /* AppDelegate.swift in Sources */,
			);
			runOnlyForDeploymentPostprocessing = 0;
		};
		12F23F7A1B1EE795007680A5 /* Sources */ = {
			isa = PBXSourcesBuildPhase;
			buildActionMask = 2147483647;
			files = (
				12F23F851B1EE795007680A5 /* LionsAndTigersTests.swift in Sources */,
			);
			runOnlyForDeploymentPostprocessing = 0;
		};
/* End PBXSourcesBuildPhase section */

/* Begin PBXTargetDependency section */
		12F23F801B1EE795007680A5 /* PBXTargetDependency */ = {
			isa = PBXTargetDependency;
			target = 12F23F681B1EE795007680A5 /* LionsAndTigers */;
			targetProxy = 12F23F7F1B1EE795007680A5 /* PBXContainerItemProxy */;
		};
/* End PBXTargetDependency section */

/* Begin PBXVariantGroup section */
		12F23F721B1EE795007680A5 /* Main.storyboard */ = {
			isa = PBXVariantGroup;
			children = (
				12F23F731B1EE795007680A5 /* Base */,
			);
			name = Main.storyboard;
			sourceTree = "<group>";
		};
		12F23F771B1EE795007680A5 /* LaunchScreen.xib */ = {
			isa = PBXVariantGroup;
			children = (
				12F23F781B1EE795007680A5 /* Base */,
			);
			name = LaunchScreen.xib;
			sourceTree = "<group>";
		};
/* End PBXVariantGroup section */

/* Begin XCBuildConfiguration section */
		12F23F861B1EE795007680A5 /* Debug */ = {
			isa = XCBuildConfiguration;
			buildSettings = {
				ALWAYS_SEARCH_USER_PATHS = NO;
				CLANG_CXX_LANGUAGE_STANDARD = "gnu++0x";
				CLANG_CXX_LIBRARY = "libc++";
				CLANG_ENABLE_MODULES = YES;
				CLANG_ENABLE_OBJC_ARC = YES;
				CLANG_WARN_BOOL_CONVERSION = YES;
				CLANG_WARN_CONSTANT_CONVERSION = YES;
				CLANG_WARN_DIRECT_OBJC_ISA_USAGE = YES_ERROR;
				CLANG_WARN_EMPTY_BODY = YES;
				CLANG_WARN_ENUM_CONVERSION = YES;
				CLANG_WARN_INT_CONVERSION = YES;
				CLANG_WARN_OBJC_ROOT_CLASS = YES_ERROR;
				CLANG_WARN_UNREACHABLE_CODE = YES;
				CLANG_WARN__DUPLICATE_METHOD_MATCH = YES;
				"CODE_SIGN_IDENTITY[sdk=iphoneos*]" = "iPhone Developer";
				COPY_PHASE_STRIP = NO;
				DEBUG_INFORMATION_FORMAT = "dwarf-with-dsym";
				ENABLE_STRICT_OBJC_MSGSEND = YES;
				GCC_C_LANGUAGE_STANDARD = gnu99;
				GCC_DYNAMIC_NO_PIC = NO;
				GCC_NO_COMMON_BLOCKS = YES;
				GCC_OPTIMIZATION_LEVEL = 0;
				GCC_PREPROCESSOR_DEFINITIONS = (
					"DEBUG=1",
					"$(inherited)",
				);
				GCC_SYMBOLS_PRIVATE_EXTERN = NO;
				GCC_WARN_64_TO_32_BIT_CONVERSION = YES;
				GCC_WARN_ABOUT_RETURN_TYPE = YES_ERROR;
				GCC_WARN_UNDECLARED_SELECTOR = YES;
				GCC_WARN_UNINITIALIZED_AUTOS = YES_AGGRESSIVE;
				GCC_WARN_UNUSED_FUNCTION = YES;
				GCC_WARN_UNUSED_VARIABLE = YES;
				IPHONEOS_DEPLOYMENT_TARGET = 8.3;
				MTL_ENABLE_DEBUG_INFO = YES;
				ONLY_ACTIVE_ARCH = YES;
				SDKROOT = iphoneos;
				SWIFT_OPTIMIZATION_LEVEL = "-Onone";
				TARGETED_DEVICE_FAMILY = "1,2";
			};
			name = Debug;
		};
		12F23F871B1EE795007680A5 /* Release */ = {
			isa = XCBuildConfiguration;
			buildSettings = {
				ALWAYS_SEARCH_USER_PATHS = NO;
				CLANG_CXX_LANGUAGE_STANDARD = "gnu++0x";
				CLANG_CXX_LIBRARY = "libc++";
				CLANG_ENABLE_MODULES = YES;
				CLANG_ENABLE_OBJC_ARC = YES;
				CLANG_WARN_BOOL_CONVERSION = YES;
				CLANG_WARN_CONSTANT_CONVERSION = YES;
				CLANG_WARN_DIRECT_OBJC_ISA_USAGE = YES_ERROR;
				CLANG_WARN_EMPTY_BODY = YES;
				CLANG_WARN_ENUM_CONVERSION = YES;
				CLANG_WARN_INT_CONVERSION = YES;
				CLANG_WARN_OBJC_ROOT_CLASS = YES_ERROR;
				CLANG_WARN_UNREACHABLE_CODE = YES;
				CLANG_WARN__DUPLICATE_METHOD_MATCH = YES;
				"CODE_SIGN_IDENTITY[sdk=iphoneos*]" = "iPhone Developer";
				COPY_PHASE_STRIP = NO;
				DEBUG_INFORMATION_FORMAT = "dwarf-with-dsym";
				ENABLE_NS_ASSERTIONS = NO;
				ENABLE_STRICT_OBJC_MSGSEND = YES;
				GCC_C_LANGUAGE_STANDARD = gnu99;
				GCC_NO_COMMON_BLOCKS = YES;
				GCC_WARN_64_TO_32_BIT_CONVERSION = YES;
				GCC_WARN_ABOUT_RETURN_TYPE = YES_ERROR;
				GCC_WARN_UNDECLARED_SELECTOR = YES;
				GCC_WARN_UNINITIALIZED_AUTOS = YES_AGGRESSIVE;
				GCC_WARN_UNUSED_FUNCTION = YES;
				GCC_WARN_UNUSED_VARIABLE = YES;
				IPHONEOS_DEPLOYMENT_TARGET = 8.3;
				MTL_ENABLE_DEBUG_INFO = NO;
				SDKROOT = iphoneos;
				TARGETED_DEVICE_FAMILY = "1,2";
				VALIDATE_PRODUCT = YES;
			};
			name = Release;
		};
		12F23F891B1EE795007680A5 /* Debug */ = {
			isa = XCBuildConfiguration;
			buildSettings = {
				ASSETCATALOG_COMPILER_APPICON_NAME = AppIcon;
				INFOPLIST_FILE = LionsAndTigers/Info.plist;
				LD_RUNPATH_SEARCH_PATHS = "$(inherited) @executable_path/Frameworks";
				PRODUCT_NAME = "$(TARGET_NAME)";
			};
			name = Debug;
		};
		12F23F8A1B1EE795007680A5 /* Release */ = {
			isa = XCBuildConfiguration;
			buildSettings = {
				ASSETCATALOG_COMPILER_APPICON_NAME = AppIcon;
				INFOPLIST_FILE = LionsAndTigers/Info.plist;
				LD_RUNPATH_SEARCH_PATHS = "$(inherited) @executable_path/Frameworks";
				PRODUCT_NAME = "$(TARGET_NAME)";
			};
			name = Release;
		};
		12F23F8C1B1EE795007680A5 /* Debug */ = {
			isa = XCBuildConfiguration;
			buildSettings = {
				BUNDLE_LOADER = "$(TEST_HOST)";
				FRAMEWORK_SEARCH_PATHS = (
					"$(SDKROOT)/Developer/Library/Frameworks",
					"$(inherited)",
				);
				GCC_PREPROCESSOR_DEFINITIONS = (
					"DEBUG=1",
					"$(inherited)",
				);
				INFOPLIST_FILE = LionsAndTigersTests/Info.plist;
				LD_RUNPATH_SEARCH_PATHS = "$(inherited) @executable_path/Frameworks @loader_path/Frameworks";
				PRODUCT_NAME = "$(TARGET_NAME)";
				TEST_HOST = "$(BUILT_PRODUCTS_DIR)/LionsAndTigers.app/LionsAndTigers";
			};
			name = Debug;
		};
		12F23F8D1B1EE795007680A5 /* Release */ = {
			isa = XCBuildConfiguration;
			buildSettings = {
				BUNDLE_LOADER = "$(TEST_HOST)";
				FRAMEWORK_SEARCH_PATHS = (
					"$(SDKROOT)/Developer/Library/Frameworks",
					"$(inherited)",
				);
				INFOPLIST_FILE = LionsAndTigersTests/Info.plist;
				LD_RUNPATH_SEARCH_PATHS = "$(inherited) @executable_path/Frameworks @loader_path/Frameworks";
				PRODUCT_NAME = "$(TARGET_NAME)";
				TEST_HOST = "$(BUILT_PRODUCTS_DIR)/LionsAndTigers.app/LionsAndTigers";
			};
			name = Release;
		};
/* End XCBuildConfiguration section */

/* Begin XCConfigurationList section */
		12F23F641B1EE795007680A5 /* Build configuration list for PBXProject "LionsAndTigers" */ = {
			isa = XCConfigurationList;
			buildConfigurations = (
				12F23F861B1EE795007680A5 /* Debug */,
				12F23F871B1EE795007680A5 /* Release */,
			);
			defaultConfigurationIsVisible = 0;
			defaultConfigurationName = Release;
		};
		12F23F881B1EE795007680A5 /* Build configuration list for PBXNativeTarget "LionsAndTigers" */ = {
			isa = XCConfigurationList;
			buildConfigurations = (
				12F23F891B1EE795007680A5 /* Debug */,
				12F23F8A1B1EE795007680A5 /* Release */,
			);
			defaultConfigurationIsVisible = 0;
			defaultConfigurationName = Release;
		};
		12F23F8B1B1EE795007680A5 /* Build configuration list for PBXNativeTarget "LionsAndTigersTests" */ = {
			isa = XCConfigurationList;
			buildConfigurations = (
				12F23F8C1B1EE795007680A5 /* Debug */,
				12F23F8D1B1EE795007680A5 /* Release */,
			);
			defaultConfigurationIsVisible = 0;
			defaultConfigurationName = Release;
		};
/* End XCConfigurationList section */
	};
	rootObject = 12F23F611B1EE795007680A5 /* Project object */;
}
